
Microsoft Visual Studio Solution File, Format Version 12.00
# Visual Studio Version 16
VisualStudioVersion = 16.0.34031.81
MinimumVisualStudioVersion = 10.0.40219.1
Project("{FAE04EC0-301F-11D3-BF4B-00C04F79EFBC}") = "Module8.Practice", "ConsoleApp3\Module8.Practice.csproj", "{D75958AA-B862-44B3-806E-FC92B9BD0E63}"
EndProject
Global
	GlobalSection(SolutionConfigurationPlatforms) = preSolution
		Debug|Any CPU = Debug|Any CPU
		Release|Any CPU = Release|Any CPU
	EndGlobalSection
	GlobalSection(ProjectConfigurationPlatforms) = postSolution
		{D75958AA-B862-44B3-806E-FC92B9BD0E63}.Debug|Any CPU.ActiveCfg = Debug|Any CPU
		{D75958AA-B862-44B3-806E-FC92B9BD0E63}.Debug|Any CPU.Build.0 = Debug|Any CPU
		{D75958AA-B862-44B3-806E-FC92B9BD0E63}.Release|Any CPU.ActiveCfg = Release|Any CPU
		{D75958AA-B862-44B3-806E-FC92B9BD0E63}.Release|Any CPU.Build.0 = Release|Any CPU
	EndGlobalSection
	GlobalSection(SolutionProperties) = preSolution
		HideSolutionNode = FALSE
	EndGlobalSection
	GlobalSection(ExtensibilityGlobals) = postSolution
		SolutionGuid = {44214583-FF57-42D7-912D-BD40EA846449}
	EndGlobalSection
EndGlobal
